{
  "version": 4,
  "terraform_version": "1.5.5",
  "serial": 1180,
  "lineage": "3266d35b-b9f2-7e1e-3c86-64aa2b7a9232",
  "outputs": {},
  "resources": [
    {
      "mode": "data",
      "type": "azurerm_resource_group",
      "name": "main",
      "provider": "provider[\"registry.terraform.io/hashicorp/azurerm\"]",
      "instances": [
        {
          "schema_version": 0,
          "attributes": {
            "id": "/subscriptions/064b2bea-3fc1-4bf7-b067-3d942c23e4dd/resourceGroups/vmbased-vnet",
            "location": "eastus",
            "managed_by": "",
            "name": "vmbased-vnet",
            "tags": {},
            "timeouts": null
          },
          "sensitive_attributes": []
        }
      ]
    },
    {
      "mode": "managed",
      "type": "azurerm_key_vault",
      "name": "key_vault",
      "provider": "provider[\"registry.terraform.io/hashicorp/azurerm\"]",
      "instances": [
        {
          "schema_version": 2,
          "attributes": {
            "access_policy": [
              {
                "application_id": "",
                "certificate_permissions": [
                  "Get",
                  "List",
                  "Create"
                ],
                "key_permissions": [
                  "Get",
                  "List",
                  "Create",
                  "Update",
                  "Import"
                ],
                "object_id": "900a20af-26d8-47b0-85d0-b1437c8af627",
                "secret_permissions": [
                  "Get",
                  "List",
                  "Set",
                  "Recover",
                  "Delete",
                  "Restore"
                ],
                "storage_permissions": [],
                "tenant_id": "16983dae-9f48-4a35-b9f5-0519bf3cdf09"
              },
              {
                "application_id": "",
                "certificate_permissions": [
                  "Get",
                  "List",
                  "Create"
                ],
                "key_permissions": [
                  "Get",
                  "List",
                  "Create",
                  "Update",
                  "Import"
                ],
                "object_id": "a4815ff2-fc06-4608-b1c6-9b902ac9ffb3",
                "secret_permissions": [
                  "Get",
                  "List",
                  "Set",
                  "Recover",
                  "Delete",
                  "Restore"
                ],
                "storage_permissions": [],
                "tenant_id": "16983dae-9f48-4a35-b9f5-0519bf3cdf09"
              },
              {
                "application_id": "",
                "certificate_permissions": [
                  "Get",
                  "List",
                  "Create"
                ],
                "key_permissions": [
                  "Get",
                  "List",
                  "Create",
                  "Update",
                  "Import"
                ],
                "object_id": "3728e04a-d9d3-4d3c-b503-b287b1aaa666",
                "secret_permissions": [
                  "Get",
                  "List",
                  "Set",
                  "Recover",
                  "Delete",
                  "Restore"
                ],
                "storage_permissions": [],
                "tenant_id": "16983dae-9f48-4a35-b9f5-0519bf3cdf09"
              },
              {
                "application_id": "",
                "certificate_permissions": [
                  "Get",
                  "List",
                  "Update",
                  "Create",
                  "Import",
                  "Delete",
                  "Recover",
                  "Backup",
                  "Restore",
                  "ManageContacts",
                  "ManageIssuers",
                  "GetIssuers",
                  "ListIssuers",
                  "SetIssuers",
                  "DeleteIssuers"
                ],
                "key_permissions": [
                  "Get",
                  "List",
                  "Update",
                  "Create",
                  "Import",
                  "Delete",
                  "Recover",
                  "Backup",
                  "Restore",
                  "GetRotationPolicy",
                  "SetRotationPolicy",
                  "Rotate"
                ],
                "object_id": "1863e033-0319-4ffa-82ce-43bb675d1e09",
                "secret_permissions": [
                  "Get",
                  "List",
                  "Set",
                  "Delete",
                  "Recover",
                  "Backup",
                  "Restore"
                ],
                "storage_permissions": [],
                "tenant_id": "16983dae-9f48-4a35-b9f5-0519bf3cdf09"
              },
              {
                "application_id": "",
                "certificate_permissions": [
                  "Get",
                  "List",
                  "Update",
                  "Create",
                  "Import",
                  "Delete",
                  "Recover",
                  "Backup",
                  "Restore",
                  "ManageContacts",
                  "ManageIssuers",
                  "GetIssuers",
                  "ListIssuers",
                  "SetIssuers",
                  "DeleteIssuers"
                ],
                "key_permissions": [
                  "Get",
                  "List",
                  "Update",
                  "Create",
                  "Import",
                  "Delete",
                  "Recover",
                  "Backup",
                  "Restore",
                  "GetRotationPolicy",
                  "SetRotationPolicy",
                  "Rotate"
                ],
                "object_id": "ac8e20da-c87d-474b-9d5f-513d0d3dd900",
                "secret_permissions": [
                  "Get",
                  "List",
                  "Set",
                  "Delete",
                  "Recover",
                  "Backup",
                  "Restore"
                ],
                "storage_permissions": [],
                "tenant_id": "16983dae-9f48-4a35-b9f5-0519bf3cdf09"
              },
              {
                "application_id": "",
                "certificate_permissions": [
                  "Get",
                  "List",
                  "Update",
                  "Create",
                  "Import",
                  "Delete",
                  "Recover",
                  "Backup",
                  "Restore",
                  "ManageContacts",
                  "ManageIssuers",
                  "GetIssuers",
                  "ListIssuers",
                  "SetIssuers",
                  "DeleteIssuers"
                ],
                "key_permissions": [
                  "Get",
                  "List",
                  "Update",
                  "Create",
                  "Import",
                  "Delete",
                  "Recover",
                  "Backup",
                  "Restore",
                  "GetRotationPolicy",
                  "SetRotationPolicy",
                  "Rotate"
                ],
                "object_id": "3df64f32-a59c-4677-89a0-4ceee0600f55",
                "secret_permissions": [
                  "Get",
                  "List",
                  "Set",
                  "Delete",
                  "Recover",
                  "Backup",
                  "Restore"
                ],
                "storage_permissions": [],
                "tenant_id": "16983dae-9f48-4a35-b9f5-0519bf3cdf09"
              }
            ],
            "contact": [],
            "enable_rbac_authorization": false,
            "enabled_for_deployment": false,
            "enabled_for_disk_encryption": true,
            "enabled_for_template_deployment": false,
            "id": "/subscriptions/064b2bea-3fc1-4bf7-b067-3d942c23e4dd/resourceGroups/vmbased-vnet/providers/Microsoft.KeyVault/vaults/key-vault-mf37",
            "location": "eastus",
            "name": "key-vault-mf37",
            "network_acls": [
              {
                "bypass": "AzureServices",
                "default_action": "Allow",
                "ip_rules": [],
                "virtual_network_subnet_ids": []
              }
            ],
            "public_network_access_enabled": true,
            "purge_protection_enabled": false,
            "resource_group_name": "vmbased-vnet",
            "sku_name": "standard",
            "soft_delete_retention_days": 90,
            "tags": {},
            "tenant_id": "16983dae-9f48-4a35-b9f5-0519bf3cdf09",
            "timeouts": null,
            "vault_uri": "https://key-vault-mf37.vault.azure.net/"
          },
          "sensitive_attributes": [],
          "private": "eyJlMmJmYjczMC1lY2FhLTExZTYtOGY4OC0zNDM2M2JjN2M0YzAiOnsiY3JlYXRlIjoxODAwMDAwMDAwMDAwLCJkZWxldGUiOjE4MDAwMDAwMDAwMDAsInJlYWQiOjMwMDAwMDAwMDAwMCwidXBkYXRlIjoxODAwMDAwMDAwMDAwfSwic2NoZW1hX3ZlcnNpb24iOiIyIn0=",
          "dependencies": [
            "data.azurerm_resource_group.main"
          ]
        }
      ]
    },
    {
      "mode": "managed",
      "type": "azurerm_key_vault_access_policy",
      "name": "local_machine",
      "provider": "provider[\"registry.terraform.io/hashicorp/azurerm\"]",
      "instances": [
        {
          "schema_version": 0,
          "attributes": {
            "application_id": "",
            "certificate_permissions": [
              "Get",
              "List",
              "Create"
            ],
            "id": "/subscriptions/064b2bea-3fc1-4bf7-b067-3d942c23e4dd/resourceGroups/vmbased-vnet/providers/Microsoft.KeyVault/vaults/key-vault-mf37/objectId/3728e04a-d9d3-4d3c-b503-b287b1aaa666",
            "key_permissions": [
              "Get",
              "List",
              "Create",
              "Update",
              "Import"
            ],
            "key_vault_id": "/subscriptions/064b2bea-3fc1-4bf7-b067-3d942c23e4dd/resourceGroups/vmbased-vnet/providers/Microsoft.KeyVault/vaults/key-vault-mf37",
            "object_id": "3728e04a-d9d3-4d3c-b503-b287b1aaa666",
            "secret_permissions": [
              "Get",
              "List",
              "Set",
              "Recover",
              "Delete",
              "Restore"
            ],
            "storage_permissions": [],
            "tenant_id": "16983dae-9f48-4a35-b9f5-0519bf3cdf09",
            "timeouts": null
          },
          "sensitive_attributes": [],
          "private": "eyJlMmJmYjczMC1lY2FhLTExZTYtOGY4OC0zNDM2M2JjN2M0YzAiOnsiY3JlYXRlIjoxODAwMDAwMDAwMDAwLCJkZWxldGUiOjE4MDAwMDAwMDAwMDAsInJlYWQiOjMwMDAwMDAwMDAwMCwidXBkYXRlIjoxODAwMDAwMDAwMDAwfSwic2NoZW1hX3ZlcnNpb24iOiIwIn0=",
          "dependencies": [
            "azurerm_key_vault.key_vault",
            "data.azurerm_resource_group.main"
          ]
        }
      ]
    },
    {
      "mode": "managed",
      "type": "azurerm_key_vault_access_policy",
      "name": "terraform_application",
      "provider": "provider[\"registry.terraform.io/hashicorp/azurerm\"]",
      "instances": [
        {
          "schema_version": 0,
          "attributes": {
            "application_id": "",
            "certificate_permissions": [
              "Get",
              "List",
              "Create"
            ],
            "id": "/subscriptions/064b2bea-3fc1-4bf7-b067-3d942c23e4dd/resourceGroups/vmbased-vnet/providers/Microsoft.KeyVault/vaults/key-vault-mf37/objectId/a4815ff2-fc06-4608-b1c6-9b902ac9ffb3",
            "key_permissions": [
              "Get",
              "List",
              "Create",
              "Update",
              "Import"
            ],
            "key_vault_id": "/subscriptions/064b2bea-3fc1-4bf7-b067-3d942c23e4dd/resourceGroups/vmbased-vnet/providers/Microsoft.KeyVault/vaults/key-vault-mf37",
            "object_id": "a4815ff2-fc06-4608-b1c6-9b902ac9ffb3",
            "secret_permissions": [
              "Get",
              "List",
              "Set",
              "Recover",
              "Delete",
              "Restore"
            ],
            "storage_permissions": [],
            "tenant_id": "16983dae-9f48-4a35-b9f5-0519bf3cdf09",
            "timeouts": null
          },
          "sensitive_attributes": [],
          "private": "eyJlMmJmYjczMC1lY2FhLTExZTYtOGY4OC0zNDM2M2JjN2M0YzAiOnsiY3JlYXRlIjoxODAwMDAwMDAwMDAwLCJkZWxldGUiOjE4MDAwMDAwMDAwMDAsInJlYWQiOjMwMDAwMDAwMDAwMCwidXBkYXRlIjoxODAwMDAwMDAwMDAwfSwic2NoZW1hX3ZlcnNpb24iOiIwIn0=",
          "dependencies": [
            "azurerm_key_vault.key_vault",
            "data.azurerm_resource_group.main"
          ]
        }
      ]
    },
    {
      "mode": "managed",
      "type": "azurerm_key_vault_access_policy",
      "name": "user1",
      "provider": "provider[\"registry.terraform.io/hashicorp/azurerm\"]",
      "instances": [
        {
          "schema_version": 0,
          "attributes": {
            "application_id": "",
            "certificate_permissions": [
              "Get",
              "List",
              "Create"
            ],
            "id": "/subscriptions/064b2bea-3fc1-4bf7-b067-3d942c23e4dd/resourceGroups/vmbased-vnet/providers/Microsoft.KeyVault/vaults/key-vault-mf37/objectId/900a20af-26d8-47b0-85d0-b1437c8af627",
            "key_permissions": [
              "Get",
              "List",
              "Create",
              "Update",
              "Import"
            ],
            "key_vault_id": "/subscriptions/064b2bea-3fc1-4bf7-b067-3d942c23e4dd/resourceGroups/vmbased-vnet/providers/Microsoft.KeyVault/vaults/key-vault-mf37",
            "object_id": "900a20af-26d8-47b0-85d0-b1437c8af627",
            "secret_permissions": [
              "Get",
              "List",
              "Set",
              "Recover",
              "Delete",
              "Restore"
            ],
            "storage_permissions": [],
            "tenant_id": "16983dae-9f48-4a35-b9f5-0519bf3cdf09",
            "timeouts": null
          },
          "sensitive_attributes": [],
          "private": "eyJlMmJmYjczMC1lY2FhLTExZTYtOGY4OC0zNDM2M2JjN2M0YzAiOnsiY3JlYXRlIjoxODAwMDAwMDAwMDAwLCJkZWxldGUiOjE4MDAwMDAwMDAwMDAsInJlYWQiOjMwMDAwMDAwMDAwMCwidXBkYXRlIjoxODAwMDAwMDAwMDAwfSwic2NoZW1hX3ZlcnNpb24iOiIwIn0=",
          "dependencies": [
            "azurerm_key_vault.key_vault",
            "data.azurerm_resource_group.main"
          ]
        }
      ]
    },
    {
      "mode": "managed",
      "type": "azurerm_key_vault_secret",
      "name": "private_key",
      "provider": "provider[\"registry.terraform.io/hashicorp/azurerm\"]",
      "instances": [
        {
          "schema_version": 0,
          "attributes": {
            "content_type": "",
            "expiration_date": null,
            "id": "https://key-vault-mf37.vault.azure.net/secrets/private-key/f36dc7b9bc2941b29597f065541bc4c4",
            "key_vault_id": "/subscriptions/064b2bea-3fc1-4bf7-b067-3d942c23e4dd/resourceGroups/vmbased-vnet/providers/Microsoft.KeyVault/vaults/key-vault-mf37",
            "name": "private-key",
            "not_before_date": null,
            "resource_id": "/subscriptions/064b2bea-3fc1-4bf7-b067-3d942c23e4dd/resourceGroups/vmbased-vnet/providers/Microsoft.KeyVault/vaults/key-vault-mf37/secrets/private-key/versions/f36dc7b9bc2941b29597f065541bc4c4",
            "resource_versionless_id": "/subscriptions/064b2bea-3fc1-4bf7-b067-3d942c23e4dd/resourceGroups/vmbased-vnet/providers/Microsoft.KeyVault/vaults/key-vault-mf37/secrets/private-key",
            "tags": {},
            "timeouts": null,
            "value": "-----BEGIN RSA PRIVATE KEY-----\nMIIEogIBAAKCAQEAsvylhlkwMiVbNyM65jvh6KM6OvgdOZNilvlgl8zwCQAbsN4p\nXOxR5/R7pS3u5X3miuK0Or0DCBWj9rpLeKPBvA5iLA4U7k8Fv/PjmlrNr38W4/ol\n7b/sCGWDBP698Hq9V6kbTmy5e5K0HkXcayNq5v4Ol+kYlGKlP925Kp3ECvEkUNr2\nNn7V2K33sX2RcmNa5wWiGmvU32OnolfX8/8h0uoWxJJClXQK3uoAGhc9gUt3Ne3X\ntOlVVvzsEJT7R7dZ3RENCXOn3Xxd8YbJOXkKTqBBCtMKI/+IiXjCRnbDtCkGXXA+\n/uop8EbFBOvchp1dATN/hd7jH5/UEJgfGZiI4QIDAQABAoIBAFAkwnUqwGLjyTki\nJEBtNdV2KR+4c1WRgga5+R9fm2dcTgnfIEREaNRk62xl6d+GhVFQ+4SFl7LqBbX3\nas3E/X2YLysszwB6D8gIi7RUzl6zmGtSWeNgGW8VDRqSejgQrXFv/hMaqd8ELHSV\nsYGjpT1zKtOoguIGXZoATOYhKGQBH/jWw2SL/YiB8z18TOVJfJroY764CRFFGPvx\nFPxk8Eo5Haia6NJBDsKconuLkGwI/C2F+Gk6twfO/4T9It0zbZ/CHfnXtOTxr0j3\nB5tOO9oAMdkp5fLwZwhYmidKwMLqPd8zRzKGsP3RPr1LsSBKQEs1psdKJ6tiswc7\nIXEcq5UCgYEA3tI2gENKMUp4buWqmiAM9+YMeITsOTS69ltd1izJbcn0/1A8Pw13\nFEt0Z/h9cNYAo4gD4lsYYm3XrTEzy/TUrMx4K81EPETR0TeAu6Bbz+epYoBZdKJ7\nxq92CpQ9OpggN3g0UbYGCYBwaH43GkJQ0sWwcpaLNE0m/8lJ7cOvrxMCgYEAzaOA\nt6D6/sXRs4w5DHjDMOHSFTRIRlzVHKQIZt/JD01QRhphQUtXYGYMa1U8j0z3jC7w\nChpgKBPmjbE3XT4wpqI+S07kT4a1I27z2+eGbVakRg3vpqZMxXcn2bYSoIA8aU2L\nFU1yJ4iaJ1LfzGUxco1S//sEcehovSk7rMi0grsCgYBD5YZZ+ycmcezUzgL4R//r\nohv2tXpNzDWUUC79zlPqsnmHOunAxNeeRYfJDr0anvs+2XllhiCeDZ6E1dNUuNv9\nc6jCoB/ExauxttnxUmHnrk29CCM6GTDiUCEGBDnMGwLmJCi9JVwdlRern5om1EJQ\nl5C2ugzc+Q2DL9DpNJHaJQKBgDAIXOyHgZk5A754pmqvWoh0dunVCHzG+lByUDQX\nWZNlb7awOr9RpdsyevwnMLoYNEpePFtfxc4Wt+eo2VHCUQLbKsnUZ6fbwzu/kt5u\nuguYDU7/ulamyY/mQTytNrSev32pSy9yo5NwaPF+fh/0ExS6xgRc0bD5pF1q4DF/\nwAo5AoGAbWi91eQc93mPF5ttn8KEUF3VqDfRKIBpNE73AcydZ+WIpwUmFHaYmnYV\nOagwbcXw3FbjT/UuARFZEeLXDAoDC6AP7MPchX4xYQGIOXqTRU1VxfFTGO4F1kpN\nf07319zw5nYKJRpgDESWEPy/g8xMRyubC53zXQcyMQdX7fItSUk=\n-----END RSA PRIVATE KEY-----\n",
            "version": "f36dc7b9bc2941b29597f065541bc4c4",
            "versionless_id": "https://key-vault-mf37.vault.azure.net/secrets/private-key"
          },
          "sensitive_attributes": [
            [
              {
                "type": "get_attr",
                "value": "value"
              }
            ]
          ],
          "private": "eyJlMmJmYjczMC1lY2FhLTExZTYtOGY4OC0zNDM2M2JjN2M0YzAiOnsiY3JlYXRlIjoxODAwMDAwMDAwMDAwLCJkZWxldGUiOjE4MDAwMDAwMDAwMDAsInJlYWQiOjE4MDAwMDAwMDAwMDAsInVwZGF0ZSI6MTgwMDAwMDAwMDAwMH19",
          "dependencies": [
            "azurerm_key_vault.key_vault",
            "azurerm_key_vault_access_policy.local_machine",
            "azurerm_key_vault_access_policy.terraform_application",
            "azurerm_key_vault_access_policy.user1",
            "data.azurerm_resource_group.main",
            "tls_private_key.tls_private_key"
          ]
        }
      ]
    },
    {
      "mode": "managed",
      "type": "azurerm_subnet",
      "name": "db_subnets",
      "provider": "provider[\"registry.terraform.io/hashicorp/azurerm\"]",
      "instances": [
        {
          "index_key": 0,
          "schema_version": 0,
          "attributes": {
            "address_prefixes": [
              "10.0.5.0/24"
            ],
            "default_outbound_access_enabled": true,
            "delegation": [
              {
                "name": "fs",
                "service_delegation": [
                  {
                    "actions": [
                      "Microsoft.Network/virtualNetworks/subnets/join/action"
                    ],
                    "name": "Microsoft.DBforMySQL/flexibleServers"
                  }
                ]
              }
            ],
            "id": "/subscriptions/064b2bea-3fc1-4bf7-b067-3d942c23e4dd/resourceGroups/vmbased-vnet/providers/Microsoft.Network/virtualNetworks/vmbased/subnets/private-db-subnet-zone1",
            "name": "private-db-subnet-zone1",
            "private_endpoint_network_policies": "Disabled",
            "private_link_service_network_policies_enabled": true,
            "resource_group_name": "vmbased-vnet",
            "service_endpoint_policy_ids": [],
            "service_endpoints": [],
            "timeouts": null,
            "virtual_network_name": "vmbased"
          },
          "sensitive_attributes": [],
          "private": "eyJlMmJmYjczMC1lY2FhLTExZTYtOGY4OC0zNDM2M2JjN2M0YzAiOnsiY3JlYXRlIjoxODAwMDAwMDAwMDAwLCJkZWxldGUiOjE4MDAwMDAwMDAwMDAsInJlYWQiOjMwMDAwMDAwMDAwMCwidXBkYXRlIjoxODAwMDAwMDAwMDAwfX0=",
          "dependencies": [
            "azurerm_virtual_network.vnet",
            "data.azurerm_resource_group.main"
          ]
        }
      ]
    },
    {
      "mode": "managed",
      "type": "azurerm_virtual_network",
      "name": "vnet",
      "provider": "provider[\"registry.terraform.io/hashicorp/azurerm\"]",
      "instances": [
        {
          "schema_version": 0,
          "attributes": {
            "address_space": [
              "10.0.0.0/16"
            ],
            "bgp_community": "",
            "ddos_protection_plan": [],
            "dns_servers": [],
            "edge_zone": "",
            "encryption": [],
            "flow_timeout_in_minutes": 0,
            "guid": "e0d2c18d-aa51-4ab2-b300-70bcb6e82c37",
            "id": "/subscriptions/064b2bea-3fc1-4bf7-b067-3d942c23e4dd/resourceGroups/vmbased-vnet/providers/Microsoft.Network/virtualNetworks/vmbased",
            "location": "eastus",
            "name": "vmbased",
            "resource_group_name": "vmbased-vnet",
            "subnet": [
              {
                "address_prefixes": [
                  "10.0.1.0/24"
                ],
                "default_outbound_access_enabled": true,
                "delegation": [],
                "id": "/subscriptions/064b2bea-3fc1-4bf7-b067-3d942c23e4dd/resourceGroups/vmbased-vnet/providers/Microsoft.Network/virtualNetworks/vmbased/subnets/AzureBastionSubnet",
                "name": "AzureBastionSubnet",
                "private_endpoint_network_policies": "Disabled",
                "private_link_service_network_policies_enabled": true,
                "route_table_id": "",
                "security_group": "/subscriptions/064b2bea-3fc1-4bf7-b067-3d942c23e4dd/resourceGroups/vmbased-vnet/providers/Microsoft.Network/networkSecurityGroups/nsg-BastionSubnet",
                "service_endpoint_policy_ids": [],
                "service_endpoints": []
              },
              {
                "address_prefixes": [
                  "10.0.2.0/24"
                ],
                "default_outbound_access_enabled": true,
                "delegation": [],
                "id": "/subscriptions/064b2bea-3fc1-4bf7-b067-3d942c23e4dd/resourceGroups/vmbased-vnet/providers/Microsoft.Network/virtualNetworks/vmbased/subnets/gateway",
                "name": "gateway",
                "private_endpoint_network_policies": "Disabled",
                "private_link_service_network_policies_enabled": true,
                "route_table_id": "/subscriptions/064b2bea-3fc1-4bf7-b067-3d942c23e4dd/resourceGroups/vmbased-vnet/providers/Microsoft.Network/routeTables/route-to-internet",
                "security_group": "",
                "service_endpoint_policy_ids": [],
                "service_endpoints": []
              },
              {
                "address_prefixes": [
                  "10.0.3.0/24"
                ],
                "default_outbound_access_enabled": true,
                "delegation": [],
                "id": "/subscriptions/064b2bea-3fc1-4bf7-b067-3d942c23e4dd/resourceGroups/vmbased-vnet/providers/Microsoft.Network/virtualNetworks/vmbased/subnets/private-vm-subnet-zone1",
                "name": "private-vm-subnet-zone1",
                "private_endpoint_network_policies": "Disabled",
                "private_link_service_network_policies_enabled": true,
                "route_table_id": "/subscriptions/064b2bea-3fc1-4bf7-b067-3d942c23e4dd/resourceGroups/vmbased-vnet/providers/Microsoft.Network/routeTables/zone1-to-internet",
                "security_group": "/subscriptions/064b2bea-3fc1-4bf7-b067-3d942c23e4dd/resourceGroups/vmbased-vnet/providers/Microsoft.Network/networkSecurityGroups/nsg-VirtualMachines",
                "service_endpoint_policy_ids": [],
                "service_endpoints": []
              },
              {
                "address_prefixes": [
                  "10.0.4.0/24"
                ],
                "default_outbound_access_enabled": true,
                "delegation": [],
                "id": "/subscriptions/064b2bea-3fc1-4bf7-b067-3d942c23e4dd/resourceGroups/vmbased-vnet/providers/Microsoft.Network/virtualNetworks/vmbased/subnets/private-vm-subnet-zone2",
                "name": "private-vm-subnet-zone2",
                "private_endpoint_network_policies": "Disabled",
                "private_link_service_network_policies_enabled": true,
                "route_table_id": "/subscriptions/064b2bea-3fc1-4bf7-b067-3d942c23e4dd/resourceGroups/vmbased-vnet/providers/Microsoft.Network/routeTables/zone2-to-internet",
                "security_group": "/subscriptions/064b2bea-3fc1-4bf7-b067-3d942c23e4dd/resourceGroups/vmbased-vnet/providers/Microsoft.Network/networkSecurityGroups/nsg-VirtualMachines",
                "service_endpoint_policy_ids": [],
                "service_endpoints": []
              },
              {
                "address_prefixes": [
                  "10.0.5.0/24"
                ],
                "default_outbound_access_enabled": true,
                "delegation": [
                  {
                    "name": "fs",
                    "service_delegation": [
                      {
                        "actions": [
                          "Microsoft.Network/virtualNetworks/subnets/join/action"
                        ],
                        "name": "Microsoft.DBforMySQL/flexibleServers"
                      }
                    ]
                  }
                ],
                "id": "/subscriptions/064b2bea-3fc1-4bf7-b067-3d942c23e4dd/resourceGroups/vmbased-vnet/providers/Microsoft.Network/virtualNetworks/vmbased/subnets/private-db-subnet-zone1",
                "name": "private-db-subnet-zone1",
                "private_endpoint_network_policies": "Disabled",
                "private_link_service_network_policies_enabled": true,
                "route_table_id": "/subscriptions/064b2bea-3fc1-4bf7-b067-3d942c23e4dd/resourceGroups/vmbased-vnet/providers/Microsoft.Network/routeTables/zone1-to-internet",
                "security_group": "/subscriptions/064b2bea-3fc1-4bf7-b067-3d942c23e4dd/resourceGroups/vmbased-vnet/providers/Microsoft.Network/networkSecurityGroups/nsg-Databases",
                "service_endpoint_policy_ids": [],
                "service_endpoints": []
              },
              {
                "address_prefixes": [
                  "10.0.6.0/24"
                ],
                "default_outbound_access_enabled": true,
                "delegation": [
                  {
                    "name": "fs",
                    "service_delegation": [
                      {
                        "actions": [
                          "Microsoft.Network/virtualNetworks/subnets/join/action"
                        ],
                        "name": "Microsoft.DBforMySQL/flexibleServers"
                      }
                    ]
                  }
                ],
                "id": "/subscriptions/064b2bea-3fc1-4bf7-b067-3d942c23e4dd/resourceGroups/vmbased-vnet/providers/Microsoft.Network/virtualNetworks/vmbased/subnets/private-db-subnet-zone2",
                "name": "private-db-subnet-zone2",
                "private_endpoint_network_policies": "Disabled",
                "private_link_service_network_policies_enabled": true,
                "route_table_id": "/subscriptions/064b2bea-3fc1-4bf7-b067-3d942c23e4dd/resourceGroups/vmbased-vnet/providers/Microsoft.Network/routeTables/zone2-to-internet",
                "security_group": "/subscriptions/064b2bea-3fc1-4bf7-b067-3d942c23e4dd/resourceGroups/vmbased-vnet/providers/Microsoft.Network/networkSecurityGroups/nsg-Databases",
                "service_endpoint_policy_ids": [],
                "service_endpoints": []
              }
            ],
            "tags": {},
            "timeouts": null
          },
          "sensitive_attributes": [],
          "private": "eyJlMmJmYjczMC1lY2FhLTExZTYtOGY4OC0zNDM2M2JjN2M0YzAiOnsiY3JlYXRlIjoxODAwMDAwMDAwMDAwLCJkZWxldGUiOjE4MDAwMDAwMDAwMDAsInJlYWQiOjMwMDAwMDAwMDAwMCwidXBkYXRlIjoxODAwMDAwMDAwMDAwfX0=",
          "dependencies": [
            "data.azurerm_resource_group.main"
          ],
          "create_before_destroy": true
        }
      ]
    },
    {
      "mode": "managed",
      "type": "tls_private_key",
      "name": "tls_private_key",
      "provider": "provider[\"registry.terraform.io/hashicorp/tls\"]",
      "instances": [
        {
          "schema_version": 1,
          "attributes": {
            "algorithm": "RSA",
            "ecdsa_curve": "P224",
            "id": "4d090ab33561ecbf6225914ae327d16c68a5f7c1",
            "private_key_openssh": "-----BEGIN OPENSSH PRIVATE KEY-----\nb3BlbnNzaC1rZXktdjEAAAAABG5vbmUAAAAEbm9uZQAAAAAAAAABAAABFwAAAAdz\nc2gtcnNhAAAAAwEAAQAAAQEAsvylhlkwMiVbNyM65jvh6KM6OvgdOZNilvlgl8zw\nCQAbsN4pXOxR5/R7pS3u5X3miuK0Or0DCBWj9rpLeKPBvA5iLA4U7k8Fv/PjmlrN\nr38W4/ol7b/sCGWDBP698Hq9V6kbTmy5e5K0HkXcayNq5v4Ol+kYlGKlP925Kp3E\nCvEkUNr2Nn7V2K33sX2RcmNa5wWiGmvU32OnolfX8/8h0uoWxJJClXQK3uoAGhc9\ngUt3Ne3XtOlVVvzsEJT7R7dZ3RENCXOn3Xxd8YbJOXkKTqBBCtMKI/+IiXjCRnbD\ntCkGXXA+/uop8EbFBOvchp1dATN/hd7jH5/UEJgfGZiI4QAAA7j1aq9q9WqvagAA\nAAdzc2gtcnNhAAABAQCy/KWGWTAyJVs3IzrmO+Hoozo6+B05k2KW+WCXzPAJABuw\n3ilc7FHn9HulLe7lfeaK4rQ6vQMIFaP2ukt4o8G8DmIsDhTuTwW/8+OaWs2vfxbj\n+iXtv+wIZYME/r3wer1XqRtObLl7krQeRdxrI2rm/g6X6RiUYqU/3bkqncQK8SRQ\n2vY2ftXYrfexfZFyY1rnBaIaa9TfY6eiV9fz/yHS6hbEkkKVdAre6gAaFz2BS3c1\n7de06VVW/OwQlPtHt1ndEQ0Jc6fdfF3xhsk5eQpOoEEK0woj/4iJeMJGdsO0KQZd\ncD7+6inwRsUE69yGnV0BM3+F3uMfn9QQmB8ZmIjhAAAAAwEAAQAAAQBQJMJ1KsBi\n48k5IiRAbTXVdikfuHNVkYIGufkfX5tnXE4J3yBERGjUZOtsZenfhoVRUPuEhZey\n6gW192rNxP19mC8rLM8Aeg/ICIu0VM5es5hrUlnjYBlvFQ0akno4EK1xb/4TGqnf\nBCx0lbGBo6U9cyrTqILiBl2aAEzmIShkAR/41sNki/2IgfM9fEzlSXya6GO+uAkR\nRRj78RT8ZPBKOR2omujSQQ7CnKJ7i5BsCPwthfhpOrcHzv+E/SLdM22fwh3517Tk\n8a9I9webTjvaADHZKeXy8GcIWJonSsDC6j3fM0cyhrD90T69S7EgSkBLNabHSier\nYrMHOyFxHKuVAAAAgG1ovdXkHPd5jxebbZ/ChFBd1ag30SiAaTRO9wHMnWfliKcF\nJhR2mJp2FTmoMG3F8NxW40/1LgERWRHi1wwKAwugD+zD3IV+MWEBiDl6k0VNVcXx\nUxjuBdZKTX9O99fc8OZ2CiUaYAxElhD8v4PMTEcrmwud810HMjEHV+3yLUlJAAAA\ngQDe0jaAQ0oxSnhu5aqaIAz35gx4hOw5NLr2W13WLMltyfT/UDw/DXcUS3Rn+H1w\n1gCjiAPiWxhibdetMTPL9NSszHgrzUQ8RNHRN4C7oFvP56ligFl0onvGr3YKlD06\nmCA3eDRRtgYJgHBofjcaQlDSxbBylos0TSb/yUntw6+vEwAAAIEAzaOAt6D6/sXR\ns4w5DHjDMOHSFTRIRlzVHKQIZt/JD01QRhphQUtXYGYMa1U8j0z3jC7wChpgKBPm\njbE3XT4wpqI+S07kT4a1I27z2+eGbVakRg3vpqZMxXcn2bYSoIA8aU2LFU1yJ4ia\nJ1LfzGUxco1S//sEcehovSk7rMi0grsAAAAAAQID\n-----END OPENSSH PRIVATE KEY-----\n",
            "private_key_pem": "-----BEGIN RSA PRIVATE KEY-----\nMIIEogIBAAKCAQEAsvylhlkwMiVbNyM65jvh6KM6OvgdOZNilvlgl8zwCQAbsN4p\nXOxR5/R7pS3u5X3miuK0Or0DCBWj9rpLeKPBvA5iLA4U7k8Fv/PjmlrNr38W4/ol\n7b/sCGWDBP698Hq9V6kbTmy5e5K0HkXcayNq5v4Ol+kYlGKlP925Kp3ECvEkUNr2\nNn7V2K33sX2RcmNa5wWiGmvU32OnolfX8/8h0uoWxJJClXQK3uoAGhc9gUt3Ne3X\ntOlVVvzsEJT7R7dZ3RENCXOn3Xxd8YbJOXkKTqBBCtMKI/+IiXjCRnbDtCkGXXA+\n/uop8EbFBOvchp1dATN/hd7jH5/UEJgfGZiI4QIDAQABAoIBAFAkwnUqwGLjyTki\nJEBtNdV2KR+4c1WRgga5+R9fm2dcTgnfIEREaNRk62xl6d+GhVFQ+4SFl7LqBbX3\nas3E/X2YLysszwB6D8gIi7RUzl6zmGtSWeNgGW8VDRqSejgQrXFv/hMaqd8ELHSV\nsYGjpT1zKtOoguIGXZoATOYhKGQBH/jWw2SL/YiB8z18TOVJfJroY764CRFFGPvx\nFPxk8Eo5Haia6NJBDsKconuLkGwI/C2F+Gk6twfO/4T9It0zbZ/CHfnXtOTxr0j3\nB5tOO9oAMdkp5fLwZwhYmidKwMLqPd8zRzKGsP3RPr1LsSBKQEs1psdKJ6tiswc7\nIXEcq5UCgYEA3tI2gENKMUp4buWqmiAM9+YMeITsOTS69ltd1izJbcn0/1A8Pw13\nFEt0Z/h9cNYAo4gD4lsYYm3XrTEzy/TUrMx4K81EPETR0TeAu6Bbz+epYoBZdKJ7\nxq92CpQ9OpggN3g0UbYGCYBwaH43GkJQ0sWwcpaLNE0m/8lJ7cOvrxMCgYEAzaOA\nt6D6/sXRs4w5DHjDMOHSFTRIRlzVHKQIZt/JD01QRhphQUtXYGYMa1U8j0z3jC7w\nChpgKBPmjbE3XT4wpqI+S07kT4a1I27z2+eGbVakRg3vpqZMxXcn2bYSoIA8aU2L\nFU1yJ4iaJ1LfzGUxco1S//sEcehovSk7rMi0grsCgYBD5YZZ+ycmcezUzgL4R//r\nohv2tXpNzDWUUC79zlPqsnmHOunAxNeeRYfJDr0anvs+2XllhiCeDZ6E1dNUuNv9\nc6jCoB/ExauxttnxUmHnrk29CCM6GTDiUCEGBDnMGwLmJCi9JVwdlRern5om1EJQ\nl5C2ugzc+Q2DL9DpNJHaJQKBgDAIXOyHgZk5A754pmqvWoh0dunVCHzG+lByUDQX\nWZNlb7awOr9RpdsyevwnMLoYNEpePFtfxc4Wt+eo2VHCUQLbKsnUZ6fbwzu/kt5u\nuguYDU7/ulamyY/mQTytNrSev32pSy9yo5NwaPF+fh/0ExS6xgRc0bD5pF1q4DF/\nwAo5AoGAbWi91eQc93mPF5ttn8KEUF3VqDfRKIBpNE73AcydZ+WIpwUmFHaYmnYV\nOagwbcXw3FbjT/UuARFZEeLXDAoDC6AP7MPchX4xYQGIOXqTRU1VxfFTGO4F1kpN\nf07319zw5nYKJRpgDESWEPy/g8xMRyubC53zXQcyMQdX7fItSUk=\n-----END RSA PRIVATE KEY-----\n",
            "private_key_pem_pkcs8": "-----BEGIN PRIVATE KEY-----\nMIIEvAIBADANBgkqhkiG9w0BAQEFAASCBKYwggSiAgEAAoIBAQCy/KWGWTAyJVs3\nIzrmO+Hoozo6+B05k2KW+WCXzPAJABuw3ilc7FHn9HulLe7lfeaK4rQ6vQMIFaP2\nukt4o8G8DmIsDhTuTwW/8+OaWs2vfxbj+iXtv+wIZYME/r3wer1XqRtObLl7krQe\nRdxrI2rm/g6X6RiUYqU/3bkqncQK8SRQ2vY2ftXYrfexfZFyY1rnBaIaa9TfY6ei\nV9fz/yHS6hbEkkKVdAre6gAaFz2BS3c17de06VVW/OwQlPtHt1ndEQ0Jc6fdfF3x\nhsk5eQpOoEEK0woj/4iJeMJGdsO0KQZdcD7+6inwRsUE69yGnV0BM3+F3uMfn9QQ\nmB8ZmIjhAgMBAAECggEAUCTCdSrAYuPJOSIkQG011XYpH7hzVZGCBrn5H1+bZ1xO\nCd8gRERo1GTrbGXp34aFUVD7hIWXsuoFtfdqzcT9fZgvKyzPAHoPyAiLtFTOXrOY\na1JZ42AZbxUNGpJ6OBCtcW/+Exqp3wQsdJWxgaOlPXMq06iC4gZdmgBM5iEoZAEf\n+NbDZIv9iIHzPXxM5Ul8muhjvrgJEUUY+/EU/GTwSjkdqJro0kEOwpyie4uQbAj8\nLYX4aTq3B87/hP0i3TNtn8Id+de05PGvSPcHm0472gAx2Snl8vBnCFiaJ0rAwuo9\n3zNHMoaw/dE+vUuxIEpASzWmx0onq2KzBzshcRyrlQKBgQDe0jaAQ0oxSnhu5aqa\nIAz35gx4hOw5NLr2W13WLMltyfT/UDw/DXcUS3Rn+H1w1gCjiAPiWxhibdetMTPL\n9NSszHgrzUQ8RNHRN4C7oFvP56ligFl0onvGr3YKlD06mCA3eDRRtgYJgHBofjca\nQlDSxbBylos0TSb/yUntw6+vEwKBgQDNo4C3oPr+xdGzjDkMeMMw4dIVNEhGXNUc\npAhm38kPTVBGGmFBS1dgZgxrVTyPTPeMLvAKGmAoE+aNsTddPjCmoj5LTuRPhrUj\nbvPb54ZtVqRGDe+mpkzFdyfZthKggDxpTYsVTXIniJonUt/MZTFyjVL/+wRx6Gi9\nKTusyLSCuwKBgEPlhln7JyZx7NTOAvhH/+uiG/a1ek3MNZRQLv3OU+qyeYc66cDE\n155Fh8kOvRqe+z7ZeWWGIJ4NnoTV01S42/1zqMKgH8TFq7G22fFSYeeuTb0IIzoZ\nMOJQIQYEOcwbAuYkKL0lXB2VF6ufmibUQlCXkLa6DNz5DYMv0Ok0kdolAoGAMAhc\n7IeBmTkDvnimaq9aiHR26dUIfMb6UHJQNBdZk2VvtrA6v1Gl2zJ6/Ccwuhg0Sl48\nW1/Fzha356jZUcJRAtsqydRnp9vDO7+S3m66C5gNTv+6VqbJj+ZBPK02tJ6/falL\nL3Kjk3Bo8X5+H/QTFLrGBFzRsPmkXWrgMX/ACjkCgYBtaL3V5Bz3eY8Xm22fwoRQ\nXdWoN9EogGk0TvcBzJ1n5YinBSYUdpiadhU5qDBtxfDcVuNP9S4BEVkR4tcMCgML\noA/sw9yFfjFhAYg5epNFTVXF8VMY7gXWSk1/TvfX3PDmdgolGmAMRJYQ/L+DzExH\nK5sLnfNdBzIxB1ft8i1JSQ==\n-----END PRIVATE KEY-----\n",
            "public_key_fingerprint_md5": "53:cf:b4:c6:b2:29:f7:c3:94:13:7e:30:b0:4a:6a:72",
            "public_key_fingerprint_sha256": "SHA256:YxuXvQ0rGnOMalTuCeeYNK1GaDcHKKpI/yhgOZ4nR90",
            "public_key_openssh": "ssh-rsa AAAAB3NzaC1yc2EAAAADAQABAAABAQCy/KWGWTAyJVs3IzrmO+Hoozo6+B05k2KW+WCXzPAJABuw3ilc7FHn9HulLe7lfeaK4rQ6vQMIFaP2ukt4o8G8DmIsDhTuTwW/8+OaWs2vfxbj+iXtv+wIZYME/r3wer1XqRtObLl7krQeRdxrI2rm/g6X6RiUYqU/3bkqncQK8SRQ2vY2ftXYrfexfZFyY1rnBaIaa9TfY6eiV9fz/yHS6hbEkkKVdAre6gAaFz2BS3c17de06VVW/OwQlPtHt1ndEQ0Jc6fdfF3xhsk5eQpOoEEK0woj/4iJeMJGdsO0KQZdcD7+6inwRsUE69yGnV0BM3+F3uMfn9QQmB8ZmIjh\n",
            "public_key_pem": "-----BEGIN PUBLIC KEY-----\nMIIBIjANBgkqhkiG9w0BAQEFAAOCAQ8AMIIBCgKCAQEAsvylhlkwMiVbNyM65jvh\n6KM6OvgdOZNilvlgl8zwCQAbsN4pXOxR5/R7pS3u5X3miuK0Or0DCBWj9rpLeKPB\nvA5iLA4U7k8Fv/PjmlrNr38W4/ol7b/sCGWDBP698Hq9V6kbTmy5e5K0HkXcayNq\n5v4Ol+kYlGKlP925Kp3ECvEkUNr2Nn7V2K33sX2RcmNa5wWiGmvU32OnolfX8/8h\n0uoWxJJClXQK3uoAGhc9gUt3Ne3XtOlVVvzsEJT7R7dZ3RENCXOn3Xxd8YbJOXkK\nTqBBCtMKI/+IiXjCRnbDtCkGXXA+/uop8EbFBOvchp1dATN/hd7jH5/UEJgfGZiI\n4QIDAQAB\n-----END PUBLIC KEY-----\n",
            "rsa_bits": 2048
          },
          "sensitive_attributes": [],
          "create_before_destroy": true
        }
      ]
    }
  ],
  "check_results": null
}
